
Microsoft Visual Studio Solution File, Format Version 12.00
# Visual Studio Version 17
VisualStudioVersion = 17.10.35122.118
MinimumVisualStudioVersion = 10.0.40219.1
Project("{FAE04EC0-301F-11D3-BF4B-00C04F79EFBC}") = "Solution", "Solution.csproj", "{9217DD39-C4BE-45D3-AD1F-F6E5459C51CF}"
EndProject
Global
	GlobalSection(SolutionConfigurationPlatforms) = preSolution
		Debug|Any CPU = Debug|Any CPU
		Release|Any CPU = Release|Any CPU
	EndGlobalSection
	GlobalSection(ProjectConfigurationPlatforms) = postSolution
		{9217DD39-C4BE-45D3-AD1F-F6E5459C51CF}.Debug|Any CPU.ActiveCfg = Debug|Any CPU
		{9217DD39-C4BE-45D3-AD1F-F6E5459C51CF}.Debug|Any CPU.Build.0 = Debug|Any CPU
		{9217DD39-C4BE-45D3-AD1F-F6E5459C51CF}.Release|Any CPU.ActiveCfg = Release|Any CPU
		{9217DD39-C4BE-45D3-AD1F-F6E5459C51CF}.Release|Any CPU.Build.0 = Release|Any CPU
	EndGlobalSection
	GlobalSection(SolutionProperties) = preSolution
		HideSolutionNode = FALSE
	EndGlobalSection
	GlobalSection(ExtensibilityGlobals) = postSolution
		SolutionGuid = {1FBB106D-1EEB-4A48-9BE2-10BCF4EB63DD}
	EndGlobalSection
EndGlobal
