
Microsoft Visual Studio Solution File, Format Version 12.00
# Visual Studio Version 17
VisualStudioVersion = 17.10.35027.167
MinimumVisualStudioVersion = 10.0.40219.1
Project("{FAE04EC0-301F-11D3-BF4B-00C04F79EFBC}") = "Solution", "Solution.csproj", "{F4E4D126-44AE-42D6-8BF4-F7FFC0ADFDC6}"
EndProject
Global
	GlobalSection(SolutionConfigurationPlatforms) = preSolution
		Debug|Any CPU = Debug|Any CPU
		Release|Any CPU = Release|Any CPU
	EndGlobalSection
	GlobalSection(ProjectConfigurationPlatforms) = postSolution
		{F4E4D126-44AE-42D6-8BF4-F7FFC0ADFDC6}.Debug|Any CPU.ActiveCfg = Debug|Any CPU
		{F4E4D126-44AE-42D6-8BF4-F7FFC0ADFDC6}.Debug|Any CPU.Build.0 = Debug|Any CPU
		{F4E4D126-44AE-42D6-8BF4-F7FFC0ADFDC6}.Release|Any CPU.ActiveCfg = Release|Any CPU
		{F4E4D126-44AE-42D6-8BF4-F7FFC0ADFDC6}.Release|Any CPU.Build.0 = Release|Any CPU
	EndGlobalSection
	GlobalSection(SolutionProperties) = preSolution
		HideSolutionNode = FALSE
	EndGlobalSection
	GlobalSection(ExtensibilityGlobals) = postSolution
		SolutionGuid = {BD6DC6A8-55B6-44EB-9A8D-427A17C98EFE}
	EndGlobalSection
EndGlobal
