
Microsoft Visual Studio Solution File, Format Version 12.00
# Visual Studio Version 17
VisualStudioVersion = 17.10.35122.118
MinimumVisualStudioVersion = 10.0.40219.1
Project("{FAE04EC0-301F-11D3-BF4B-00C04F79EFBC}") = "Solution", "Solution.csproj", "{5C1D2732-DF17-4A93-B608-DF38BD55BE4F}"
EndProject
Global
	GlobalSection(SolutionConfigurationPlatforms) = preSolution
		Debug|Any CPU = Debug|Any CPU
		Release|Any CPU = Release|Any CPU
	EndGlobalSection
	GlobalSection(ProjectConfigurationPlatforms) = postSolution
		{5C1D2732-DF17-4A93-B608-DF38BD55BE4F}.Debug|Any CPU.ActiveCfg = Debug|Any CPU
		{5C1D2732-DF17-4A93-B608-DF38BD55BE4F}.Debug|Any CPU.Build.0 = Debug|Any CPU
		{5C1D2732-DF17-4A93-B608-DF38BD55BE4F}.Release|Any CPU.ActiveCfg = Release|Any CPU
		{5C1D2732-DF17-4A93-B608-DF38BD55BE4F}.Release|Any CPU.Build.0 = Release|Any CPU
	EndGlobalSection
	GlobalSection(SolutionProperties) = preSolution
		HideSolutionNode = FALSE
	EndGlobalSection
	GlobalSection(ExtensibilityGlobals) = postSolution
		SolutionGuid = {87A2092B-9E11-42A8-8C70-3701696FFFC6}
	EndGlobalSection
EndGlobal
