
Microsoft Visual Studio Solution File, Format Version 12.00
# Visual Studio Version 17
VisualStudioVersion = 17.11.35222.181
MinimumVisualStudioVersion = 10.0.40219.1
Project("{FAE04EC0-301F-11D3-BF4B-00C04F79EFBC}") = "Solution", "Solution.csproj", "{D6E554C6-CFC5-4BB8-BD8F-ABFC8207BA66}"
EndProject
Global
	GlobalSection(SolutionConfigurationPlatforms) = preSolution
		Debug|Any CPU = Debug|Any CPU
		Release|Any CPU = Release|Any CPU
	EndGlobalSection
	GlobalSection(ProjectConfigurationPlatforms) = postSolution
		{D6E554C6-CFC5-4BB8-BD8F-ABFC8207BA66}.Debug|Any CPU.ActiveCfg = Debug|Any CPU
		{D6E554C6-CFC5-4BB8-BD8F-ABFC8207BA66}.Debug|Any CPU.Build.0 = Debug|Any CPU
		{D6E554C6-CFC5-4BB8-BD8F-ABFC8207BA66}.Release|Any CPU.ActiveCfg = Release|Any CPU
		{D6E554C6-CFC5-4BB8-BD8F-ABFC8207BA66}.Release|Any CPU.Build.0 = Release|Any CPU
	EndGlobalSection
	GlobalSection(SolutionProperties) = preSolution
		HideSolutionNode = FALSE
	EndGlobalSection
	GlobalSection(ExtensibilityGlobals) = postSolution
		SolutionGuid = {305DF97B-A6A5-4169-9FE3-105D5108424F}
	EndGlobalSection
EndGlobal
