
Microsoft Visual Studio Solution File, Format Version 12.00
# Visual Studio Version 17
VisualStudioVersion = 17.10.35027.167
MinimumVisualStudioVersion = 10.0.40219.1
Project("{FAE04EC0-301F-11D3-BF4B-00C04F79EFBC}") = "Solution", "Solution.csproj", "{0F2873BC-ACF8-47CB-AC05-D313C7E66615}"
EndProject
Global
	GlobalSection(SolutionConfigurationPlatforms) = preSolution
		Debug|Any CPU = Debug|Any CPU
		Release|Any CPU = Release|Any CPU
	EndGlobalSection
	GlobalSection(ProjectConfigurationPlatforms) = postSolution
		{0F2873BC-ACF8-47CB-AC05-D313C7E66615}.Debug|Any CPU.ActiveCfg = Debug|Any CPU
		{0F2873BC-ACF8-47CB-AC05-D313C7E66615}.Debug|Any CPU.Build.0 = Debug|Any CPU
		{0F2873BC-ACF8-47CB-AC05-D313C7E66615}.Release|Any CPU.ActiveCfg = Release|Any CPU
		{0F2873BC-ACF8-47CB-AC05-D313C7E66615}.Release|Any CPU.Build.0 = Release|Any CPU
	EndGlobalSection
	GlobalSection(SolutionProperties) = preSolution
		HideSolutionNode = FALSE
	EndGlobalSection
	GlobalSection(ExtensibilityGlobals) = postSolution
		SolutionGuid = {067054FE-984E-497C-8FC8-1A6858A589FC}
	EndGlobalSection
EndGlobal
