
Microsoft Visual Studio Solution File, Format Version 12.00
# Visual Studio Version 17
VisualStudioVersion = 17.10.34928.147
MinimumVisualStudioVersion = 10.0.40219.1
Project("{FAE04EC0-301F-11D3-BF4B-00C04F79EFBC}") = "Solution", "Solution.csproj", "{295C2193-D74A-4F70-9E47-3844252391F0}"
EndProject
Global
	GlobalSection(SolutionConfigurationPlatforms) = preSolution
		Debug|Any CPU = Debug|Any CPU
		Release|Any CPU = Release|Any CPU
	EndGlobalSection
	GlobalSection(ProjectConfigurationPlatforms) = postSolution
		{295C2193-D74A-4F70-9E47-3844252391F0}.Debug|Any CPU.ActiveCfg = Debug|Any CPU
		{295C2193-D74A-4F70-9E47-3844252391F0}.Debug|Any CPU.Build.0 = Debug|Any CPU
		{295C2193-D74A-4F70-9E47-3844252391F0}.Release|Any CPU.ActiveCfg = Release|Any CPU
		{295C2193-D74A-4F70-9E47-3844252391F0}.Release|Any CPU.Build.0 = Release|Any CPU
	EndGlobalSection
	GlobalSection(SolutionProperties) = preSolution
		HideSolutionNode = FALSE
	EndGlobalSection
	GlobalSection(ExtensibilityGlobals) = postSolution
		SolutionGuid = {21046698-5A05-4244-9004-FE1B0DE3E69C}
	EndGlobalSection
EndGlobal
