
Microsoft Visual Studio Solution File, Format Version 12.00
# Visual Studio Version 17
VisualStudioVersion = 17.10.35122.118
MinimumVisualStudioVersion = 10.0.40219.1
Project("{FAE04EC0-301F-11D3-BF4B-00C04F79EFBC}") = "Solution", "Solution.csproj", "{AD93B2DC-583A-4249-B166-A71CA564B66B}"
EndProject
Global
	GlobalSection(SolutionConfigurationPlatforms) = preSolution
		Debug|Any CPU = Debug|Any CPU
		Release|Any CPU = Release|Any CPU
	EndGlobalSection
	GlobalSection(ProjectConfigurationPlatforms) = postSolution
		{AD93B2DC-583A-4249-B166-A71CA564B66B}.Debug|Any CPU.ActiveCfg = Debug|Any CPU
		{AD93B2DC-583A-4249-B166-A71CA564B66B}.Debug|Any CPU.Build.0 = Debug|Any CPU
		{AD93B2DC-583A-4249-B166-A71CA564B66B}.Release|Any CPU.ActiveCfg = Release|Any CPU
		{AD93B2DC-583A-4249-B166-A71CA564B66B}.Release|Any CPU.Build.0 = Release|Any CPU
	EndGlobalSection
	GlobalSection(SolutionProperties) = preSolution
		HideSolutionNode = FALSE
	EndGlobalSection
	GlobalSection(ExtensibilityGlobals) = postSolution
		SolutionGuid = {098ABB47-DC0C-496F-9B1F-9D69E4886D8E}
	EndGlobalSection
EndGlobal
