
Microsoft Visual Studio Solution File, Format Version 12.00
# Visual Studio Version 17
VisualStudioVersion = 17.10.35027.167
MinimumVisualStudioVersion = 10.0.40219.1
Project("{FAE04EC0-301F-11D3-BF4B-00C04F79EFBC}") = "Solution", "Solution.csproj", "{817DA22B-24A5-4297-952F-1F74DE7DD6F2}"
EndProject
Global
	GlobalSection(SolutionConfigurationPlatforms) = preSolution
		Debug|Any CPU = Debug|Any CPU
		Release|Any CPU = Release|Any CPU
	EndGlobalSection
	GlobalSection(ProjectConfigurationPlatforms) = postSolution
		{817DA22B-24A5-4297-952F-1F74DE7DD6F2}.Debug|Any CPU.ActiveCfg = Debug|Any CPU
		{817DA22B-24A5-4297-952F-1F74DE7DD6F2}.Debug|Any CPU.Build.0 = Debug|Any CPU
		{817DA22B-24A5-4297-952F-1F74DE7DD6F2}.Release|Any CPU.ActiveCfg = Release|Any CPU
		{817DA22B-24A5-4297-952F-1F74DE7DD6F2}.Release|Any CPU.Build.0 = Release|Any CPU
	EndGlobalSection
	GlobalSection(SolutionProperties) = preSolution
		HideSolutionNode = FALSE
	EndGlobalSection
	GlobalSection(ExtensibilityGlobals) = postSolution
		SolutionGuid = {959D5EDA-C64D-413B-A10B-BC7E8E151C73}
	EndGlobalSection
EndGlobal
