
Microsoft Visual Studio Solution File, Format Version 12.00
# Visual Studio Version 17
VisualStudioVersion = 17.10.35004.147
MinimumVisualStudioVersion = 10.0.40219.1
Project("{FAE04EC0-301F-11D3-BF4B-00C04F79EFBC}") = "Solution", "Solution.csproj", "{34981EA0-624B-4105-95BC-2FD8E078D157}"
EndProject
Global
	GlobalSection(SolutionConfigurationPlatforms) = preSolution
		Debug|Any CPU = Debug|Any CPU
		Release|Any CPU = Release|Any CPU
	EndGlobalSection
	GlobalSection(ProjectConfigurationPlatforms) = postSolution
		{34981EA0-624B-4105-95BC-2FD8E078D157}.Debug|Any CPU.ActiveCfg = Debug|Any CPU
		{34981EA0-624B-4105-95BC-2FD8E078D157}.Debug|Any CPU.Build.0 = Debug|Any CPU
		{34981EA0-624B-4105-95BC-2FD8E078D157}.Release|Any CPU.ActiveCfg = Release|Any CPU
		{34981EA0-624B-4105-95BC-2FD8E078D157}.Release|Any CPU.Build.0 = Release|Any CPU
	EndGlobalSection
	GlobalSection(SolutionProperties) = preSolution
		HideSolutionNode = FALSE
	EndGlobalSection
	GlobalSection(ExtensibilityGlobals) = postSolution
		SolutionGuid = {C1A327DE-5016-4377-9F27-C394D0A0185A}
	EndGlobalSection
EndGlobal
