
Microsoft Visual Studio Solution File, Format Version 12.00
# Visual Studio Version 17
VisualStudioVersion = 17.10.35122.118
MinimumVisualStudioVersion = 10.0.40219.1
Project("{FAE04EC0-301F-11D3-BF4B-00C04F79EFBC}") = "Solution", "Solution.csproj", "{719EFCBB-9ADD-4E28-9264-5A6C56F8A7DD}"
EndProject
Global
	GlobalSection(SolutionConfigurationPlatforms) = preSolution
		Debug|Any CPU = Debug|Any CPU
		Release|Any CPU = Release|Any CPU
	EndGlobalSection
	GlobalSection(ProjectConfigurationPlatforms) = postSolution
		{719EFCBB-9ADD-4E28-9264-5A6C56F8A7DD}.Debug|Any CPU.ActiveCfg = Debug|Any CPU
		{719EFCBB-9ADD-4E28-9264-5A6C56F8A7DD}.Debug|Any CPU.Build.0 = Debug|Any CPU
		{719EFCBB-9ADD-4E28-9264-5A6C56F8A7DD}.Release|Any CPU.ActiveCfg = Release|Any CPU
		{719EFCBB-9ADD-4E28-9264-5A6C56F8A7DD}.Release|Any CPU.Build.0 = Release|Any CPU
	EndGlobalSection
	GlobalSection(SolutionProperties) = preSolution
		HideSolutionNode = FALSE
	EndGlobalSection
	GlobalSection(ExtensibilityGlobals) = postSolution
		SolutionGuid = {B0E5B9C4-ED75-4C21-9B60-3337B241D7C8}
	EndGlobalSection
EndGlobal
