
Microsoft Visual Studio Solution File, Format Version 12.00
# Visual Studio Version 17
VisualStudioVersion = 17.10.34928.147
MinimumVisualStudioVersion = 10.0.40219.1
Project("{FAE04EC0-301F-11D3-BF4B-00C04F79EFBC}") = "Solution", "Solution.csproj", "{D359D088-47B5-4769-A634-C039ACFB9CE5}"
EndProject
Global
	GlobalSection(SolutionConfigurationPlatforms) = preSolution
		Debug|Any CPU = Debug|Any CPU
		Release|Any CPU = Release|Any CPU
	EndGlobalSection
	GlobalSection(ProjectConfigurationPlatforms) = postSolution
		{D359D088-47B5-4769-A634-C039ACFB9CE5}.Debug|Any CPU.ActiveCfg = Debug|Any CPU
		{D359D088-47B5-4769-A634-C039ACFB9CE5}.Debug|Any CPU.Build.0 = Debug|Any CPU
		{D359D088-47B5-4769-A634-C039ACFB9CE5}.Release|Any CPU.ActiveCfg = Release|Any CPU
		{D359D088-47B5-4769-A634-C039ACFB9CE5}.Release|Any CPU.Build.0 = Release|Any CPU
	EndGlobalSection
	GlobalSection(SolutionProperties) = preSolution
		HideSolutionNode = FALSE
	EndGlobalSection
	GlobalSection(ExtensibilityGlobals) = postSolution
		SolutionGuid = {77876599-DCB7-48FF-9C4F-56AB7FBD77B4}
	EndGlobalSection
EndGlobal
